
Microsoft Visual Studio Solution File, Format Version 12.00
# Visual Studio Version 17
VisualStudioVersion = 17.8.34330.188
MinimumVisualStudioVersion = 10.0.40219.1
Project("{FAE04EC0-301F-11D3-BF4B-00C04F79EFBC}") = "APIGateway", "APIGateway\APIGateway.csproj", "{EE92769B-A558-4C70-9514-AD004F32B1A5}"
EndProject
Project("{2150E333-8FDC-42A3-9474-1A3956D46DE8}") = "Services", "Services", "{ED54D651-5936-4238-A6AE-7489B134C6EE}"
EndProject
Project("{FAE04EC0-301F-11D3-BF4B-00C04F79EFBC}") = "Contact.API", "Services\ContactAPI\Contact.API\Contact.API.csproj", "{20761D7C-0156-4339-A510-0EC8636525E7}"
EndProject
Project("{FAE04EC0-301F-11D3-BF4B-00C04F79EFBC}") = "Reservation.API", "Services\ResAPI\Reservation.API\Reservation.API.csproj", "{56EF6C27-CEAF-4659-A2B9-48C607A11943}"
EndProject
Project("{2150E333-8FDC-42A3-9474-1A3956D46DE8}") = "ContactAPI", "ContactAPI", "{D48ED61E-4895-4DC5-93D6-05D6075F12B1}"
EndProject
Project("{2150E333-8FDC-42A3-9474-1A3956D46DE8}") = "ReservationAPI", "ReservationAPI", "{9E6A3688-F5DE-4755-A1B7-5EEC0982352E}"
EndProject
Project("{FAE04EC0-301F-11D3-BF4B-00C04F79EFBC}") = "Contact.API.Infrastructure", "Services\ContactAPI\Contact.API.Infrastructure\Contact.API.Infrastructure.csproj", "{B8FEB213-5AE2-4E90-83AB-8647B3FBA040}"
EndProject
Project("{FAE04EC0-301F-11D3-BF4B-00C04F79EFBC}") = "Contact.API.Models", "Services\ContactAPI\Contact.API.Models\Contact.API.Models.csproj", "{AC1C7EAA-FFB4-4F13-9DEE-9F5132E0E7E4}"
EndProject
Project("{FAE04EC0-301F-11D3-BF4B-00C04F79EFBC}") = "Contact.API.Services", "Services\ContactAPI\Contact.API.Services\Contact.API.Services.csproj", "{5A559704-4FEA-4CC5-9011-3A934BFA1189}"
EndProject
Global
	GlobalSection(SolutionConfigurationPlatforms) = preSolution
		Debug|Any CPU = Debug|Any CPU
		Release|Any CPU = Release|Any CPU
	EndGlobalSection
	GlobalSection(ProjectConfigurationPlatforms) = postSolution
		{EE92769B-A558-4C70-9514-AD004F32B1A5}.Debug|Any CPU.ActiveCfg = Debug|Any CPU
		{EE92769B-A558-4C70-9514-AD004F32B1A5}.Debug|Any CPU.Build.0 = Debug|Any CPU
		{EE92769B-A558-4C70-9514-AD004F32B1A5}.Release|Any CPU.ActiveCfg = Release|Any CPU
		{EE92769B-A558-4C70-9514-AD004F32B1A5}.Release|Any CPU.Build.0 = Release|Any CPU
		{20761D7C-0156-4339-A510-0EC8636525E7}.Debug|Any CPU.ActiveCfg = Debug|Any CPU
		{20761D7C-0156-4339-A510-0EC8636525E7}.Debug|Any CPU.Build.0 = Debug|Any CPU
		{20761D7C-0156-4339-A510-0EC8636525E7}.Release|Any CPU.ActiveCfg = Release|Any CPU
		{20761D7C-0156-4339-A510-0EC8636525E7}.Release|Any CPU.Build.0 = Release|Any CPU
		{56EF6C27-CEAF-4659-A2B9-48C607A11943}.Debug|Any CPU.ActiveCfg = Debug|Any CPU
		{56EF6C27-CEAF-4659-A2B9-48C607A11943}.Debug|Any CPU.Build.0 = Debug|Any CPU
		{56EF6C27-CEAF-4659-A2B9-48C607A11943}.Release|Any CPU.ActiveCfg = Release|Any CPU
		{56EF6C27-CEAF-4659-A2B9-48C607A11943}.Release|Any CPU.Build.0 = Release|Any CPU
		{B8FEB213-5AE2-4E90-83AB-8647B3FBA040}.Debug|Any CPU.ActiveCfg = Debug|Any CPU
		{B8FEB213-5AE2-4E90-83AB-8647B3FBA040}.Debug|Any CPU.Build.0 = Debug|Any CPU
		{B8FEB213-5AE2-4E90-83AB-8647B3FBA040}.Release|Any CPU.ActiveCfg = Release|Any CPU
		{B8FEB213-5AE2-4E90-83AB-8647B3FBA040}.Release|Any CPU.Build.0 = Release|Any CPU
		{AC1C7EAA-FFB4-4F13-9DEE-9F5132E0E7E4}.Debug|Any CPU.ActiveCfg = Debug|Any CPU
		{AC1C7EAA-FFB4-4F13-9DEE-9F5132E0E7E4}.Debug|Any CPU.Build.0 = Debug|Any CPU
		{AC1C7EAA-FFB4-4F13-9DEE-9F5132E0E7E4}.Release|Any CPU.ActiveCfg = Release|Any CPU
		{AC1C7EAA-FFB4-4F13-9DEE-9F5132E0E7E4}.Release|Any CPU.Build.0 = Release|Any CPU
		{5A559704-4FEA-4CC5-9011-3A934BFA1189}.Debug|Any CPU.ActiveCfg = Debug|Any CPU
		{5A559704-4FEA-4CC5-9011-3A934BFA1189}.Debug|Any CPU.Build.0 = Debug|Any CPU
		{5A559704-4FEA-4CC5-9011-3A934BFA1189}.Release|Any CPU.ActiveCfg = Release|Any CPU
		{5A559704-4FEA-4CC5-9011-3A934BFA1189}.Release|Any CPU.Build.0 = Release|Any CPU
	EndGlobalSection
	GlobalSection(SolutionProperties) = preSolution
		HideSolutionNode = FALSE
	EndGlobalSection
	GlobalSection(NestedProjects) = preSolution
		{20761D7C-0156-4339-A510-0EC8636525E7} = {D48ED61E-4895-4DC5-93D6-05D6075F12B1}
		{56EF6C27-CEAF-4659-A2B9-48C607A11943} = {9E6A3688-F5DE-4755-A1B7-5EEC0982352E}
		{D48ED61E-4895-4DC5-93D6-05D6075F12B1} = {ED54D651-5936-4238-A6AE-7489B134C6EE}
		{9E6A3688-F5DE-4755-A1B7-5EEC0982352E} = {ED54D651-5936-4238-A6AE-7489B134C6EE}
		{B8FEB213-5AE2-4E90-83AB-8647B3FBA040} = {D48ED61E-4895-4DC5-93D6-05D6075F12B1}
		{AC1C7EAA-FFB4-4F13-9DEE-9F5132E0E7E4} = {D48ED61E-4895-4DC5-93D6-05D6075F12B1}
		{5A559704-4FEA-4CC5-9011-3A934BFA1189} = {D48ED61E-4895-4DC5-93D6-05D6075F12B1}
	EndGlobalSection
	GlobalSection(ExtensibilityGlobals) = postSolution
		SolutionGuid = {7800B213-79AD-47D3-98AF-10AEE0454DD5}
	EndGlobalSection
EndGlobal
